
Microsoft Visual Studio Solution File, Format Version 12.00
# Visual Studio 15
VisualStudioVersion = 15.0.28307.645
MinimumVisualStudioVersion = 10.0.40219.1
Project("{9A19103F-16F7-4668-BE54-9A1E7A4F7556}") = "Bank", "Bank\Bank.csproj", "{DD876AFB-CA10-4BF2-90D0-FDEC8E19CCEA}"
EndProject
Global
	GlobalSection(SolutionConfigurationPlatforms) = preSolution
		Debug|Any CPU = Debug|Any CPU
		Release|Any CPU = Release|Any CPU
	EndGlobalSection
	GlobalSection(ProjectConfigurationPlatforms) = postSolution
		{DD876AFB-CA10-4BF2-90D0-FDEC8E19CCEA}.Debug|Any CPU.ActiveCfg = Debug|Any CPU
		{DD876AFB-CA10-4BF2-90D0-FDEC8E19CCEA}.Debug|Any CPU.Build.0 = Debug|Any CPU
		{DD876AFB-CA10-4BF2-90D0-FDEC8E19CCEA}.Release|Any CPU.ActiveCfg = Release|Any CPU
		{DD876AFB-CA10-4BF2-90D0-FDEC8E19CCEA}.Release|Any CPU.Build.0 = Release|Any CPU
	EndGlobalSection
	GlobalSection(SolutionProperties) = preSolution
		HideSolutionNode = FALSE
	EndGlobalSection
	GlobalSection(ExtensibilityGlobals) = postSolution
		SolutionGuid = {B2EFCCD3-3F07-4EC5-8A68-C5571AE30986}
	EndGlobalSection
EndGlobal
